{
  "name": "ts",
  "version": "1.0.0",
  "lockfileVersion": 1,
  "requires": true,
  "dependencies": {
    "buffer-from": {
      "version": "1.1.2",
      "resolved": "https://artifactory.delivery.puppetlabs.net/artifactory/api/npm/npm/buffer-from/-/buffer-from-1.1.2.tgz",
      "integrity": "sha1-KxRqb9cugLT1XSVfNe1Zo6mkG9U="
    },
    "source-map": {
      "version": "0.6.1",
      "resolved": "https://artifactory.delivery.puppetlabs.net/artifactory/api/npm/npm/source-map/-/source-map-0.6.1.tgz",
      "integrity": "sha1-dHIq8y6WFOnCh6jQu95IteLxomM="
    },
    "source-map-support": {
      "version": "0.5.21",
      "resolved": "https://artifactory.delivery.puppetlabs.net/artifactory/api/npm/npm/source-map-support/-/source-map-support-0.5.21.tgz",
      "integrity": "sha1-BP58f54e0tZiIzwoyys1ufY/bk8=",
      "requires": {
        "buffer-from": "^1.0.0",
        "source-map": "^0.6.0"
      }
    },
    "tslog": {
      "version": "3.2.2",
      "resolved": "https://artifactory.delivery.puppetlabs.net/artifactory/api/npm/npm/tslog/-/tslog-3.2.2.tgz",
      "integrity": "sha1-W7qh+raFxCc+WbOAZCJzIaaaBpQ=",
      "requires": {
        "source-map-support": "^0.5.19"
      }
    }
  }
}
